// !$*UTF8*$!
{
	archiveVersion = 1;
	classes = {
	};
	objectVersion = 46;
	objects = {

/* Begin PBXBuildFile section */
		A060FC261B2017F30072C9B8 /* GWUIControls.h in CopyFiles */ = {isa = PBXBuildFile; fileRef = A060FC251B2017F30072C9B8 /* GWUIControls.h */; };
		A060FC2E1B2017F30072C9B8 /* libGWUIControls.a in Frameworks */ = {isa = PBXBuildFile; fileRef = A060FC221B2017F30072C9B8 /* libGWUIControls.a */; };
		A060FC3F1B201AA30072C9B8 /* UIKit.framework in Frameworks */ = {isa = PBXBuildFile; fileRef = A060FC3C1B201A5A0072C9B8 /* UIKit.framework */; };
		A060FC411B201ADA0072C9B8 /* Foundation.framework in Frameworks */ = {isa = PBXBuildFile; fileRef = A060FC401B201ADA0072C9B8 /* Foundation.framework */; };
		A060FC431B201B800072C9B8 /* GWUIControls.h in Resources */ = {isa = PBXBuildFile; fileRef = A060FC251B2017F30072C9B8 /* GWUIControls.h */; };
/* End PBXBuildFile section */

/* Begin PBXContainerItemProxy section */
		A060FC2F1B2017F30072C9B8 /* PBXContainerItemProxy */ = {
			isa = PBXContainerItemProxy;
			containerPortal = A060FC1A1B2017F30072C9B8 /* Project object */;
			proxyType = 1;
			remoteGlobalIDString = A060FC211B2017F30072C9B8;
			remoteInfo = GWUIControls;
		};
/* End PBXContainerItemProxy section */

/* Begin PBXCopyFilesBuildPhase section */
		A060FC201B2017F30072C9B8 /* CopyFiles */ = {
			isa = PBXCopyFilesBuildPhase;
			buildActionMask = 2147483647;
			dstPath = "include/$(PRODUCT_NAME)";
			dstSubfolderSpec = 16;
			files = (
				A060FC261B2017F30072C9B8 /* GWUIControls.h in CopyFiles */,
			);
			runOnlyForDeploymentPostprocessing = 0;
		};
/* End PBXCopyFilesBuildPhase section */

/* Begin PBXFileReference section */
		A060FC221B2017F30072C9B8 /* libGWUIControls.a */ = {isa = PBXFileReference; explicitFileType = archive.ar; includeInIndex = 0; path = libGWUIControls.a; sourceTree = BUILT_PRODUCTS_DIR; };
		A060FC251B2017F30072C9B8 /* GWUIControls.h */ = {isa = PBXFileReference; lastKnownFileType = sourcecode.c.h; path = GWUIControls.h; sourceTree = "<group>"; };
		A060FC2D1B2017F30072C9B8 /* GWUIControlsTests.xctest */ = {isa = PBXFileReference; explicitFileType = wrapper.cfbundle; includeInIndex = 0; path = GWUIControlsTests.xctest; sourceTree = BUILT_PRODUCTS_DIR; };
		A060FC331B2017F30072C9B8 /* Info.plist */ = {isa = PBXFileReference; lastKnownFileType = text.plist.xml; path = Info.plist; sourceTree = "<group>"; };
		A060FC3C1B201A5A0072C9B8 /* UIKit.framework */ = {isa = PBXFileReference; lastKnownFileType = wrapper.framework; name = UIKit.framework; path = System/Library/Frameworks/UIKit.framework; sourceTree = SDKROOT; };
		A060FC401B201ADA0072C9B8 /* Foundation.framework */ = {isa = PBXFileReference; lastKnownFileType = wrapper.framework; name = Foundation.framework; path = System/Library/Frameworks/Foundation.framework; sourceTree = SDKROOT; };
/* End PBXFileReference section */

/* Begin PBXFrameworksBuildPhase section */
		A060FC1F1B2017F30072C9B8 /* Frameworks */ = {
			isa = PBXFrameworksBuildPhase;
			buildActionMask = 2147483647;
			files = (
				A060FC411B201ADA0072C9B8 /* Foundation.framework in Frameworks */,
				A060FC3F1B201AA30072C9B8 /* UIKit.framework in Frameworks */,
			);
			runOnlyForDeploymentPostprocessing = 0;
		};
		A060FC2A1B2017F30072C9B8 /* Frameworks */ = {
			isa = PBXFrameworksBuildPhase;
			buildActionMask = 2147483647;
			files = (
				A060FC2E1B2017F30072C9B8 /* libGWUIControls.a in Frameworks */,
			);
			runOnlyForDeploymentPostprocessing = 0;
		};
/* End PBXFrameworksBuildPhase section */

/* Begin PBXGroup section */
		A060FC191B2017F30072C9B8 = {
			isa = PBXGroup;
			children = (
				A060FC3E1B201A860072C9B8 /* Frameworks */,
				A060FC241B2017F30072C9B8 /* GWUIControls */,
				A060FC311B2017F30072C9B8 /* GWUIControlsTests */,
				A060FC231B2017F30072C9B8 /* Products */,
			);
			sourceTree = "<group>";
		};
		A060FC231B2017F30072C9B8 /* Products */ = {
			isa = PBXGroup;
			children = (
				A060FC221B2017F30072C9B8 /* libGWUIControls.a */,
				A060FC2D1B2017F30072C9B8 /* GWUIControlsTests.xctest */,
			);
			name = Products;
			sourceTree = "<group>";
		};
		A060FC241B2017F30072C9B8 /* GWUIControls */ = {
			isa = PBXGroup;
			children = (
				A060FC251B2017F30072C9B8 /* GWUIControls.h */,
			);
			path = GWUIControls;
			sourceTree = "<group>";
		};
		A060FC311B2017F30072C9B8 /* GWUIControlsTests */ = {
			isa = PBXGroup;
			children = (
				A060FC321B2017F30072C9B8 /* Supporting Files */,
			);
			path = GWUIControlsTests;
			sourceTree = "<group>";
		};
		A060FC321B2017F30072C9B8 /* Supporting Files */ = {
			isa = PBXGroup;
			children = (
				A060FC331B2017F30072C9B8 /* Info.plist */,
			);
			name = "Supporting Files";
			sourceTree = "<group>";
		};
		A060FC3E1B201A860072C9B8 /* Frameworks */ = {
			isa = PBXGroup;
			children = (
				A060FC401B201ADA0072C9B8 /* Foundation.framework */,
				A060FC3C1B201A5A0072C9B8 /* UIKit.framework */,
			);
			name = Frameworks;
			sourceTree = "<group>";
		};
/* End PBXGroup section */

/* Begin PBXNativeTarget section */
		A060FC211B2017F30072C9B8 /* GWUIControls */ = {
			isa = PBXNativeTarget;
			buildConfigurationList = A060FC361B2017F30072C9B8 /* Build configuration list for PBXNativeTarget "GWUIControls" */;
			buildPhases = (
				A060FC1E1B2017F30072C9B8 /* Sources */,
				A060FC1F1B2017F30072C9B8 /* Frameworks */,
				A060FC201B2017F30072C9B8 /* CopyFiles */,
				A060FC421B201B260072C9B8 /* Resources */,
			);
			buildRules = (
			);
			dependencies = (
			);
			name = GWUIControls;
			productName = GWUIControls;
			productReference = A060FC221B2017F30072C9B8 /* libGWUIControls.a */;
			productType = "com.apple.product-type.library.static";
		};
		A060FC2C1B2017F30072C9B8 /* GWUIControlsTests */ = {
			isa = PBXNativeTarget;
			buildConfigurationList = A060FC391B2017F30072C9B8 /* Build configuration list for PBXNativeTarget "GWUIControlsTests" */;
			buildPhases = (
				A060FC291B2017F30072C9B8 /* Sources */,
				A060FC2A1B2017F30072C9B8 /* Frameworks */,
				A060FC2B1B2017F30072C9B8 /* Resources */,
			);
			buildRules = (
			);
			dependencies = (
				A060FC301B2017F30072C9B8 /* PBXTargetDependency */,
			);
			name = GWUIControlsTests;
			productName = GWUIControlsTests;
			productReference = A060FC2D1B2017F30072C9B8 /* GWUIControlsTests.xctest */;
			productType = "com.apple.product-type.bundle.unit-test";
		};
/* End PBXNativeTarget section */

/* Begin PBXProject section */
		A060FC1A1B2017F30072C9B8 /* Project object */ = {
			isa = PBXProject;
			attributes = {
				LastUpgradeCheck = 0630;
				ORGANIZATIONNAME = "Loi Wu";
				TargetAttributes = {
					A060FC211B2017F30072C9B8 = {
						CreatedOnToolsVersion = 6.3.2;
					};
					A060FC2C1B2017F30072C9B8 = {
						CreatedOnToolsVersion = 6.3.2;
					};
				};
			};
			buildConfigurationList = A060FC1D1B2017F30072C9B8 /* Build configuration list for PBXProject "GWUIControls" */;
			compatibilityVersion = "Xcode 3.2";
			developmentRegion = English;
			hasScannedForEncodings = 0;
			knownRegions = (
				en,
			);
			mainGroup = A060FC191B2017F30072C9B8;
			productRefGroup = A060FC231B2017F30072C9B8 /* Products */;
			projectDirPath = "";
			projectRoot = "";
			targets = (
				A060FC211B2017F30072C9B8 /* GWUIControls */,
				A060FC2C1B2017F30072C9B8 /* GWUIControlsTests */,
			);
		};
/* End PBXProject section */

/* Begin PBXResourcesBuildPhase section */
		A060FC2B1B2017F30072C9B8 /* Resources */ = {
			isa = PBXResourcesBuildPhase;
			buildActionMask = 2147483647;
			files = (
			);
			runOnlyForDeploymentPostprocessing = 0;
		};
		A060FC421B201B260072C9B8 /* Resources */ = {
			isa = PBXResourcesBuildPhase;
			buildActionMask = 2147483647;
			files = (
				A060FC431B201B800072C9B8 /* GWUIControls.h in Resources */,
			);
			runOnlyForDeploymentPostprocessing = 0;
		};
/* End PBXResourcesBuildPhase section */

/* Begin PBXSourcesBuildPhase section */
		A060FC1E1B2017F30072C9B8 /* Sources */ = {
			isa = PBXSourcesBuildPhase;
			buildActionMask = 2147483647;
			files = (
			);
			runOnlyForDeploymentPostprocessing = 0;
		};
		A060FC291B2017F30072C9B8 /* Sources */ = {
			isa = PBXSourcesBuildPhase;
			buildActionMask = 2147483647;
			files = (
			);
			runOnlyForDeploymentPostprocessing = 0;
		};
/* End PBXSourcesBuildPhase section */

/* Begin PBXTargetDependency section */
		A060FC301B2017F30072C9B8 /* PBXTargetDependency */ = {
			isa = PBXTargetDependency;
			target = A060FC211B2017F30072C9B8 /* GWUIControls */;
			targetProxy = A060FC2F1B2017F30072C9B8 /* PBXContainerItemProxy */;
		};
/* End PBXTargetDependency section */

/* Begin XCBuildConfiguration section */
		A060FC341B2017F30072C9B8 /* Debug */ = {
			isa = XCBuildConfiguration;
			buildSettings = {
				ALWAYS_SEARCH_USER_PATHS = NO;
				CLANG_CXX_LANGUAGE_STANDARD = "gnu++0x";
				CLANG_CXX_LIBRARY = "libc++";
				CLANG_ENABLE_MODULES = YES;
				CLANG_ENABLE_OBJC_ARC = YES;
				CLANG_WARN_BOOL_CONVERSION = YES;
				CLANG_WARN_CONSTANT_CONVERSION = YES;
				CLANG_WARN_DIRECT_OBJC_ISA_USAGE = YES_ERROR;
				CLANG_WARN_EMPTY_BODY = YES;
				CLANG_WARN_ENUM_CONVERSION = YES;
				CLANG_WARN_INT_CONVERSION = YES;
				CLANG_WARN_OBJC_ROOT_CLASS = YES_ERROR;
				CLANG_WARN_UNREACHABLE_CODE = YES;
				CLANG_WARN__DUPLICATE_METHOD_MATCH = YES;
				COPY_PHASE_STRIP = NO;
				DEBUG_INFORMATION_FORMAT = "dwarf-with-dsym";
				ENABLE_STRICT_OBJC_MSGSEND = YES;
				GCC_C_LANGUAGE_STANDARD = gnu99;
				GCC_DYNAMIC_NO_PIC = NO;
				GCC_NO_COMMON_BLOCKS = YES;
				GCC_OPTIMIZATION_LEVEL = 0;
				GCC_PREPROCESSOR_DEFINITIONS = (
					"DEBUG=1",
					"$(inherited)",
				);
				GCC_SYMBOLS_PRIVATE_EXTERN = NO;
				GCC_WARN_64_TO_32_BIT_CONVERSION = YES;
				GCC_WARN_ABOUT_RETURN_TYPE = YES_ERROR;
				GCC_WARN_UNDECLARED_SELECTOR = YES;
				GCC_WARN_UNINITIALIZED_AUTOS = YES_AGGRESSIVE;
				GCC_WARN_UNUSED_FUNCTION = YES;
				GCC_WARN_UNUSED_VARIABLE = YES;
				IPHONEOS_DEPLOYMENT_TARGET = 8.3;
				MTL_ENABLE_DEBUG_INFO = YES;
				ONLY_ACTIVE_ARCH = YES;
				SDKROOT = iphoneos;
			};
			name = Debug;
		};
		A060FC351B2017F30072C9B8 /* Release */ = {
			isa = XCBuildConfiguration;
			buildSettings = {
				ALWAYS_SEARCH_USER_PATHS = NO;
				CLANG_CXX_LANGUAGE_STANDARD = "gnu++0x";
				CLANG_CXX_LIBRARY = "libc++";
				CLANG_ENABLE_MODULES = YES;
				CLANG_ENABLE_OBJC_ARC = YES;
				CLANG_WARN_BOOL_CONVERSION = YES;
				CLANG_WARN_CONSTANT_CONVERSION = YES;
				CLANG_WARN_DIRECT_OBJC_ISA_USAGE = YES_ERROR;
				CLANG_WARN_EMPTY_BODY = YES;
				CLANG_WARN_ENUM_CONVERSION = YES;
				CLANG_WARN_INT_CONVERSION = YES;
				CLANG_WARN_OBJC_ROOT_CLASS = YES_ERROR;
				CLANG_WARN_UNREACHABLE_CODE = YES;
				CLANG_WARN__DUPLICATE_METHOD_MATCH = YES;
				COPY_PHASE_STRIP = NO;
				DEBUG_INFORMATION_FORMAT = "dwarf-with-dsym";
				ENABLE_NS_ASSERTIONS = NO;
				ENABLE_STRICT_OBJC_MSGSEND = YES;
				GCC_C_LANGUAGE_STANDARD = gnu99;
				GCC_NO_COMMON_BLOCKS = YES;
				GCC_WARN_64_TO_32_BIT_CONVERSION = YES;
				GCC_WARN_ABOUT_RETURN_TYPE = YES_ERROR;
				GCC_WARN_UNDECLARED_SELECTOR = YES;
				GCC_WARN_UNINITIALIZED_AUTOS = YES_AGGRESSIVE;
				GCC_WARN_UNUSED_FUNCTION = YES;
				GCC_WARN_UNUSED_VARIABLE = YES;
				IPHONEOS_DEPLOYMENT_TARGET = 8.3;
				MTL_ENABLE_DEBUG_INFO = NO;
				SDKROOT = iphoneos;
				VALIDATE_PRODUCT = YES;
			};
			name = Release;
		};
		A060FC371B2017F30072C9B8 /* Debug */ = {
			isa = XCBuildConfiguration;
			buildSettings = {
				OTHER_LDFLAGS = "-ObjC";
				PRODUCT_NAME = "$(TARGET_NAME)";
				SKIP_INSTALL = YES;
			};
			name = Debug;
		};
		A060FC381B2017F30072C9B8 /* Release */ = {
			isa = XCBuildConfiguration;
			buildSettings = {
				OTHER_LDFLAGS = "-ObjC";
				PRODUCT_NAME = "$(TARGET_NAME)";
				SKIP_INSTALL = YES;
			};
			name = Release;
		};
		A060FC3A1B2017F30072C9B8 /* Debug */ = {
			isa = XCBuildConfiguration;
			buildSettings = {
				"CODE_SIGN_IDENTITY[sdk=iphoneos*]" = "iPhone Developer";
				FRAMEWORK_SEARCH_PATHS = (
					"$(SDKROOT)/Developer/Library/Frameworks",
					"$(inherited)",
				);
				GCC_PREPROCESSOR_DEFINITIONS = (
					"DEBUG=1",
					"$(inherited)",
				);
				INFOPLIST_FILE = GWUIControlsTests/Info.plist;
				LD_RUNPATH_SEARCH_PATHS = "$(inherited) @executable_path/Frameworks @loader_path/Frameworks";
				PRODUCT_NAME = "$(TARGET_NAME)";
			};
			name = Debug;
		};
		A060FC3B1B2017F30072C9B8 /* Release */ = {
			isa = XCBuildConfiguration;
			buildSettings = {
				"CODE_SIGN_IDENTITY[sdk=iphoneos*]" = "iPhone Developer";
				FRAMEWORK_SEARCH_PATHS = (
					"$(SDKROOT)/Developer/Library/Frameworks",
					"$(inherited)",
				);
				INFOPLIST_FILE = GWUIControlsTests/Info.plist;
				LD_RUNPATH_SEARCH_PATHS = "$(inherited) @executable_path/Frameworks @loader_path/Frameworks";
				PRODUCT_NAME = "$(TARGET_NAME)";
			};
			name = Release;
		};
/* End XCBuildConfiguration section */

/* Begin XCConfigurationList section */
		A060FC1D1B2017F30072C9B8 /* Build configuration list for PBXProject "GWUIControls" */ = {
			isa = XCConfigurationList;
			buildConfigurations = (
				A060FC341B2017F30072C9B8 /* Debug */,
				A060FC351B2017F30072C9B8 /* Release */,
			);
			defaultConfigurationIsVisible = 0;
			defaultConfigurationName = Release;
		};
		A060FC361B2017F30072C9B8 /* Build configuration list for PBXNativeTarget "GWUIControls" */ = {
			isa = XCConfigurationList;
			buildConfigurations = (
				A060FC371B2017F30072C9B8 /* Debug */,
				A060FC381B2017F30072C9B8 /* Release */,
			);
			defaultConfigurationIsVisible = 0;
		};
		A060FC391B2017F30072C9B8 /* Build configuration list for PBXNativeTarget "GWUIControlsTests" */ = {
			isa = XCConfigurationList;
			buildConfigurations = (
				A060FC3A1B2017F30072C9B8 /* Debug */,
				A060FC3B1B2017F30072C9B8 /* Release */,
			);
			defaultConfigurationIsVisible = 0;
		};
/* End XCConfigurationList section */
	};
	rootObject = A060FC1A1B2017F30072C9B8 /* Project object */;
}
